
Microsoft Visual Studio Solution File, Format Version 12.00
# Visual Studio 15
Project("{FAE04EC0-301F-11D3-BF4B-00C04F79EFBC}") = "Assembly-CSharp", "Assembly-CSharp.csproj", "{E7CBC665-1ECA-BC51-8CB2-360A70A9E9BF}"
EndProject
Project("{FAE04EC0-301F-11D3-BF4B-00C04F79EFBC}") = "Assembly-CSharp-Editor", "Assembly-CSharp-Editor.csproj", "{93E7B86E-0AB8-E7D1-3D06-50CBADA178B5}"
EndProject
Project("{FAE04EC0-301F-11D3-BF4B-00C04F79EFBC}") = "Assembly-CSharp-firstpass", "Assembly-CSharp-firstpass.csproj", "{C04E0F59-3585-CC37-CDD9-FD5F9E32BF20}"
EndProject
Global
	GlobalSection(SolutionConfigurationPlatforms) = preSolution
		Debug|Any CPU = Debug|Any CPU
		Release|Any CPU = Release|Any CPU
	EndGlobalSection
	GlobalSection(ProjectConfigurationPlatforms) = postSolution
		{E7CBC665-1ECA-BC51-8CB2-360A70A9E9BF}.Debug|Any CPU.ActiveCfg = Debug|Any CPU
		{E7CBC665-1ECA-BC51-8CB2-360A70A9E9BF}.Debug|Any CPU.Build.0 = Debug|Any CPU
		{E7CBC665-1ECA-BC51-8CB2-360A70A9E9BF}.Release|Any CPU.ActiveCfg = Release|Any CPU
		{E7CBC665-1ECA-BC51-8CB2-360A70A9E9BF}.Release|Any CPU.Build.0 = Release|Any CPU
		{93E7B86E-0AB8-E7D1-3D06-50CBADA178B5}.Debug|Any CPU.ActiveCfg = Debug|Any CPU
		{93E7B86E-0AB8-E7D1-3D06-50CBADA178B5}.Debug|Any CPU.Build.0 = Debug|Any CPU
		{93E7B86E-0AB8-E7D1-3D06-50CBADA178B5}.Release|Any CPU.ActiveCfg = Release|Any CPU
		{93E7B86E-0AB8-E7D1-3D06-50CBADA178B5}.Release|Any CPU.Build.0 = Release|Any CPU
		{C04E0F59-3585-CC37-CDD9-FD5F9E32BF20}.Debug|Any CPU.ActiveCfg = Debug|Any CPU
		{C04E0F59-3585-CC37-CDD9-FD5F9E32BF20}.Debug|Any CPU.Build.0 = Debug|Any CPU
		{C04E0F59-3585-CC37-CDD9-FD5F9E32BF20}.Release|Any CPU.ActiveCfg = Release|Any CPU
		{C04E0F59-3585-CC37-CDD9-FD5F9E32BF20}.Release|Any CPU.Build.0 = Release|Any CPU
	EndGlobalSection
	GlobalSection(SolutionProperties) = preSolution
		HideSolutionNode = FALSE
	EndGlobalSection
EndGlobal
